github.com/corona10/goimagehash v1.1.0 h1:teNMX/1e+Wn/AYSbLHX8mj+mF9r60R1kBeqE9MkoYwI=
github.com/corona10/goimagehash v1.1.0/go.mod h1:VkvE0mLn84L4aF8vCb6mafVajEb6QYMHl2ZJLn0mOGI=
github.com/disintegration/imaging v1.6.2 h1:w1LecBlG2Lnp8B3jk5zSuNqd7b4DXhcjwek1ei82L+c=
github.com/disintegration/imaging v1.6.2/go.mod h1:44/5580QXChDfwIclfc/PCwrr44amcmDAg8hxG0Ewe4=
github.com/fogleman/gg v1.3.0 h1:/7zJX8F6AaYQc57WQCyN9cAIz+4bCJGO9B+dyW29am8=
github.com/fogleman/gg v1.3.0/go.mod h1:R/bRT+9gY/C5z7JzPU0zXsXHKM4/ayA+zqcVNZzPa1k=
github.com/goccy/go-findfont v0.0.0-20250109093214-c2e12b298c75 h1:XIuIPArJ/7VuKj7uygrjl7yBYP+sTa58ljJzOxU4qDc=
github.com/goccy/go-findfont v0.0.0-20250109093214-c2e12b298c75/go.mod h1:bBfDkbCgtwEhoHfxProwm41bZX3SAcOHZbgbillrYQs=
github.com/goccy/go-graphviz v0.2.10-0.20250109095217-4ceff9e58e1a h1:xAEcKHIL4BB8ztdnQ8Tr0Bd9Qt/k0Ps6/CHEAlSNhUo=
github.com/goccy/go-graphviz v0.2.10-0.20250109095217-4ceff9e58e1a/go.mod h1:0pcNDbqQkokzppSVae3PfFgsUkta30nkVUFOPGNE9wA=
github.com/goccy/go-json v0.10.4 h1:JSwxQzIqKfmFX1swYPpUThQZp/Ka4wzJdK0LWVytLPM=
github.com/goccy/go-json v0.10.4/go.mod h1:oq7eo15ShAhp70Anwd5lgX2pLfOS3QCiwU/PULtXL6M=
github.com/golang/freetype v0.0.0-20170609003504-e2365dfdc4a0 h1:DACJavvAHhabrF08vX0COfcOBJRhZ8lUbR+ZWIs0Y5g=
github.com/golang/freetype v0.0.0-20170609003504-e2365dfdc4a0/go.mod h1:E/TSTwGwJL78qG/PmXZO1EjYhfJinVAhrmmHX6Z8B9k=
github.com/nfnt/resize v0.0.0-20180221191011-83c6a9932646 h1:zYyBkD/k9seD2A7fsi6Oo2LfFZAehjjQMERAvZLEDnQ=
github.com/nfnt/resize v0.0.0-20180221191011-83c6a9932646/go.mod h1:jpp1/29i3P1S/RLdc7JQKbRpFeM1dOBd8T9ki5s+AY8=
github.com/tetratelabs/wazero v1.8.1 h1:NrcgVbWfkWvVc4UtT4LRLDf91PsOzDzefMdwhLfA550=
github.com/tetratelabs/wazero v1.8.1/go.mod h1:yAI0XTsMBhREkM/YDAK/zNou3GoiAce1P6+rp/wQhjs=
golang.org/x/image v0.0.0-20191009234506-e7c1f5e7dbb8/go.mod h1:FeLwcggjj3mMvU+oOTbSwawSJRM1uh48EjtB4UJZlP0=
golang.org/x/image v0.21.0 h1:c5qV36ajHpdj4Qi0GnE0jUc/yuo33OLFaa0d+crTD5s=
golang.org/x/image v0.21.0/go.mod h1:vUbsLavqK/W303ZroQQVKQ+Af3Yl6Uz1Ppu5J/cLz78=
golang.org/x/text v0.3.0/go.mod h1:NqM8EUOU14njkJ3fqMW+pc6Ldnwhi/IjpwHt7yyuwOQ=
golang.org/x/text v0.19.0 h1:kTxAhCbGbxhK0IwgSKiMO5awPoDQ0RpfiVYBfK860YM=
golang.org/x/text v0.19.0/go.mod h1:BuEKDfySbSR4drPmRPG/7iBdf8hvFMuRexcpahXilzY=
